dependencies:
- name: common
  repository: oci://ghcr.io/andrewzn69
  version: 3.0.1
- name: postgresql
  repository: oci://registry-1.docker.io/bitnamicharts
  version: 18.6.1
- name: valkey
  repository: oci://registry-1.docker.io/bitnamicharts
  version: 5.5.0
- name: rabbitmq
  repository: oci://registry-1.docker.io/bitnamicharts
  version: 16.0.14
- name: minio
  repository: oci://registry-1.docker.io/bitnamicharts
  version: 17.0.21
digest: sha256:7351411ce86785a9eefc56a0d7aa5a1f58565a5d67b902e750cdd5e8c8f3327b
generated: "2026-04-23T14:09:15.335712727+02:00"
